
Microsoft Visual Studio Solution File, Format Version 12.00
# Visual Studio Version 17
VisualStudioVersion = 17.2.32630.192
MinimumVisualStudioVersion = 10.0.40219.1
Project("{FAE04EC0-301F-11D3-BF4B-00C04F79EFBC}") = "GANO-Hesaplama", "GANO-Hesaplama\GANO-Hesaplama.csproj", "{3AA897F5-8177-4101-80C2-506490B3A69B}"
EndProject
Global
	GlobalSection(SolutionConfigurationPlatforms) = preSolution
		Debug|Any CPU = Debug|Any CPU
		Release|Any CPU = Release|Any CPU
	EndGlobalSection
	GlobalSection(ProjectConfigurationPlatforms) = postSolution
		{3AA897F5-8177-4101-80C2-506490B3A69B}.Debug|Any CPU.ActiveCfg = Debug|Any CPU
		{3AA897F5-8177-4101-80C2-506490B3A69B}.Debug|Any CPU.Build.0 = Debug|Any CPU
		{3AA897F5-8177-4101-80C2-506490B3A69B}.Release|Any CPU.ActiveCfg = Release|Any CPU
		{3AA897F5-8177-4101-80C2-506490B3A69B}.Release|Any CPU.Build.0 = Release|Any CPU
	EndGlobalSection
	GlobalSection(SolutionProperties) = preSolution
		HideSolutionNode = FALSE
	EndGlobalSection
	GlobalSection(ExtensibilityGlobals) = postSolution
		SolutionGuid = {209E0627-7361-4B35-9F05-54A6F2C4F965}
	EndGlobalSection
EndGlobal
